
Microsoft Visual Studio Solution File, Format Version 12.00
# Visual Studio Version 16
VisualStudioVersion = 16.0.30611.23
MinimumVisualStudioVersion = 10.0.40219.1
Project("{FAE04EC0-301F-11D3-BF4B-00C04F79EFBC}") = "Savina_Ioana_Lab5", "Savina_Ioana_Lab5.csproj", "{09AD3756-FE30-4764-AF9F-8E5E8BA1ED94}"
EndProject
Global
	GlobalSection(SolutionConfigurationPlatforms) = preSolution
		Debug|Any CPU = Debug|Any CPU
		Release|Any CPU = Release|Any CPU
	EndGlobalSection
	GlobalSection(ProjectConfigurationPlatforms) = postSolution
		{09AD3756-FE30-4764-AF9F-8E5E8BA1ED94}.Debug|Any CPU.ActiveCfg = Debug|Any CPU
		{09AD3756-FE30-4764-AF9F-8E5E8BA1ED94}.Debug|Any CPU.Build.0 = Debug|Any CPU
		{09AD3756-FE30-4764-AF9F-8E5E8BA1ED94}.Release|Any CPU.ActiveCfg = Release|Any CPU
		{09AD3756-FE30-4764-AF9F-8E5E8BA1ED94}.Release|Any CPU.Build.0 = Release|Any CPU
	EndGlobalSection
	GlobalSection(SolutionProperties) = preSolution
		HideSolutionNode = FALSE
	EndGlobalSection
	GlobalSection(ExtensibilityGlobals) = postSolution
		SolutionGuid = {6BAC7CDF-5628-4675-A3A0-F3182046B0C7}
	EndGlobalSection
EndGlobal
